
Microsoft Visual Studio Solution File, Format Version 12.00
# Visual Studio Version 16
VisualStudioVersion = 16.0.30114.105
MinimumVisualStudioVersion = 10.0.40219.1
Project("{2150E333-8FDC-42A3-9474-1A3956D46DE8}") = "tests", "tests", "{A1AA7BAD-9753-4212-9325-70B5D628D7DC}"
EndProject
Project("{FAE04EC0-301F-11D3-BF4B-00C04F79EFBC}") = "Library.Tests", "tests\Library.Tests\Library.Tests.csproj", "{9C739930-EDB4-4B5D-8557-3CFD5A0F85EC}"
EndProject
Project("{2150E333-8FDC-42A3-9474-1A3956D46DE8}") = "src", "src", "{5075462A-88E3-49CD-B586-3F5381C43F15}"
EndProject
Project("{FAE04EC0-301F-11D3-BF4B-00C04F79EFBC}") = "Program", "src\Program\Program.csproj", "{7E137156-1105-4262-BBBC-11E95D3D680F}"
EndProject
Global
	GlobalSection(SolutionConfigurationPlatforms) = preSolution
		Debug|Any CPU = Debug|Any CPU
		Release|Any CPU = Release|Any CPU
	EndGlobalSection
	GlobalSection(SolutionProperties) = preSolution
		HideSolutionNode = FALSE
	EndGlobalSection
	GlobalSection(ProjectConfigurationPlatforms) = postSolution
		{9C739930-EDB4-4B5D-8557-3CFD5A0F85EC}.Debug|Any CPU.ActiveCfg = Debug|Any CPU
		{9C739930-EDB4-4B5D-8557-3CFD5A0F85EC}.Debug|Any CPU.Build.0 = Debug|Any CPU
		{9C739930-EDB4-4B5D-8557-3CFD5A0F85EC}.Release|Any CPU.ActiveCfg = Release|Any CPU
		{9C739930-EDB4-4B5D-8557-3CFD5A0F85EC}.Release|Any CPU.Build.0 = Release|Any CPU
		{7E137156-1105-4262-BBBC-11E95D3D680F}.Debug|Any CPU.ActiveCfg = Debug|Any CPU
		{7E137156-1105-4262-BBBC-11E95D3D680F}.Debug|Any CPU.Build.0 = Debug|Any CPU
		{7E137156-1105-4262-BBBC-11E95D3D680F}.Release|Any CPU.ActiveCfg = Release|Any CPU
		{7E137156-1105-4262-BBBC-11E95D3D680F}.Release|Any CPU.Build.0 = Release|Any CPU
	EndGlobalSection
	GlobalSection(NestedProjects) = preSolution
		{9C739930-EDB4-4B5D-8557-3CFD5A0F85EC} = {A1AA7BAD-9753-4212-9325-70B5D628D7DC}
		{7E137156-1105-4262-BBBC-11E95D3D680F} = {5075462A-88E3-49CD-B586-3F5381C43F15}
	EndGlobalSection
EndGlobal
